// !$*UTF8*$!
{
	archiveVersion = 1;
	classes = {
	};
	objectVersion = 46;
	objects = {

/* Begin PBXBuildFile section */
		C140A7D51A05DFD000537351 /* main.m in Sources */ = {isa = PBXBuildFile; fileRef = C140A7D41A05DFD000537351 /* main.m */; };
		C140A7D81A05DFD000537351 /* AppDelegate.m in Sources */ = {isa = PBXBuildFile; fileRef = C140A7D71A05DFD000537351 /* AppDelegate.m */; };
		C140A7DB1A05DFD000537351 /* ViewController.m in Sources */ = {isa = PBXBuildFile; fileRef = C140A7DA1A05DFD000537351 /* ViewController.m */; };
		C140A7DE1A05DFD000537351 /* Main.storyboard in Resources */ = {isa = PBXBuildFile; fileRef = C140A7DC1A05DFD000537351 /* Main.storyboard */; };
		C140A7E01A05DFD000537351 /* Images.xcassets in Resources */ = {isa = PBXBuildFile; fileRef = C140A7DF1A05DFD000537351 /* Images.xcassets */; };
		C140A7E31A05DFD000537351 /* LaunchScreen.xib in Resources */ = {isa = PBXBuildFile; fileRef = C140A7E11A05DFD000537351 /* LaunchScreen.xib */; };
		C140A7EF1A05DFD000537351 /* TestNuTests.m in Sources */ = {isa = PBXBuildFile; fileRef = C140A7EE1A05DFD000537351 /* TestNuTests.m */; };
		C140A8241A05DFDD00537351 /* closures.c in Sources */ = {isa = PBXBuildFile; fileRef = C140A8011A05DFDD00537351 /* closures.c */; };
		C140A8281A05DFDD00537351 /* prep_cif.c in Sources */ = {isa = PBXBuildFile; fileRef = C140A8051A05DFDD00537351 /* prep_cif.c */; };
		C140A8291A05DFDD00537351 /* raw_api.c in Sources */ = {isa = PBXBuildFile; fileRef = C140A8061A05DFDD00537351 /* raw_api.c */; };
		C140A82A1A05DFDD00537351 /* types.c in Sources */ = {isa = PBXBuildFile; fileRef = C140A8071A05DFDD00537351 /* types.c */; };
		C140A82B1A05DFDD00537351 /* ffi_arm64.c in Sources */ = {isa = PBXBuildFile; fileRef = C140A8151A05DFDD00537351 /* ffi_arm64.c */; };
		C140A82C1A05DFDD00537351 /* sysv_arm64.S in Sources */ = {isa = PBXBuildFile; fileRef = C140A8161A05DFDD00537351 /* sysv_arm64.S */; };
		C140A82D1A05DFDD00537351 /* ffi_armv7.c in Sources */ = {isa = PBXBuildFile; fileRef = C140A8181A05DFDD00537351 /* ffi_armv7.c */; };
		C140A82E1A05DFDD00537351 /* sysv_armv7.S in Sources */ = {isa = PBXBuildFile; fileRef = C140A8191A05DFDD00537351 /* sysv_armv7.S */; };
		C140A82F1A05DFDD00537351 /* trampoline_armv7.S in Sources */ = {isa = PBXBuildFile; fileRef = C140A81A1A05DFDD00537351 /* trampoline_armv7.S */; };
		C140A8301A05DFDD00537351 /* darwin64_x86_64.S in Sources */ = {isa = PBXBuildFile; fileRef = C140A81C1A05DFDD00537351 /* darwin64_x86_64.S */; };
		C140A8311A05DFDD00537351 /* darwin_i386.S in Sources */ = {isa = PBXBuildFile; fileRef = C140A81D1A05DFDD00537351 /* darwin_i386.S */; };
		C140A8321A05DFDD00537351 /* ffi64_x86_64.c in Sources */ = {isa = PBXBuildFile; fileRef = C140A81E1A05DFDD00537351 /* ffi64_x86_64.c */; };
		C140A8331A05DFDD00537351 /* ffi_i386.c in Sources */ = {isa = PBXBuildFile; fileRef = C140A81F1A05DFDD00537351 /* ffi_i386.c */; };
		C140A8341A05DFDD00537351 /* win32_i386.S in Sources */ = {isa = PBXBuildFile; fileRef = C140A8201A05DFDD00537351 /* win32_i386.S */; };
		C140A8391A05E02A00537351 /* Nu.m in Sources */ = {isa = PBXBuildFile; fileRef = C140A8381A05E02A00537351 /* Nu.m */; settings = {COMPILER_FLAGS = "-fno-objc-arc"; }; };
		C140A83B1A05E0BB00537351 /* my.nu in Resources */ = {isa = PBXBuildFile; fileRef = C140A83A1A05E0BB00537351 /* my.nu */; };
/* End PBXBuildFile section */

/* Begin PBXContainerItemProxy section */
		C140A7E91A05DFD000537351 /* PBXContainerItemProxy */ = {
			isa = PBXContainerItemProxy;
			containerPortal = C140A7C71A05DFD000537351 /* Project object */;
			proxyType = 1;
			remoteGlobalIDString = C140A7CE1A05DFD000537351;
			remoteInfo = TestNu;
		};
/* End PBXContainerItemProxy section */

/* Begin PBXFileReference section */
		C140A7CF1A05DFD000537351 /* TestNu.app */ = {isa = PBXFileReference; explicitFileType = wrapper.application; includeInIndex = 0; path = TestNu.app; sourceTree = BUILT_PRODUCTS_DIR; };
		C140A7D31A05DFD000537351 /* Info.plist */ = {isa = PBXFileReference; lastKnownFileType = text.plist.xml; path = Info.plist; sourceTree = "<group>"; };
		C140A7D41A05DFD000537351 /* main.m */ = {isa = PBXFileReference; lastKnownFileType = sourcecode.c.objc; path = main.m; sourceTree = "<group>"; };
		C140A7D61A05DFD000537351 /* AppDelegate.h */ = {isa = PBXFileReference; lastKnownFileType = sourcecode.c.h; path = AppDelegate.h; sourceTree = "<group>"; };
		C140A7D71A05DFD000537351 /* AppDelegate.m */ = {isa = PBXFileReference; lastKnownFileType = sourcecode.c.objc; path = AppDelegate.m; sourceTree = "<group>"; };
		C140A7D91A05DFD000537351 /* ViewController.h */ = {isa = PBXFileReference; lastKnownFileType = sourcecode.c.h; path = ViewController.h; sourceTree = "<group>"; };
		C140A7DA1A05DFD000537351 /* ViewController.m */ = {isa = PBXFileReference; lastKnownFileType = sourcecode.c.objc; path = ViewController.m; sourceTree = "<group>"; };
		C140A7DD1A05DFD000537351 /* Base */ = {isa = PBXFileReference; lastKnownFileType = file.storyboard; name = Base; path = Base.lproj/Main.storyboard; sourceTree = "<group>"; };
		C140A7DF1A05DFD000537351 /* Images.xcassets */ = {isa = PBXFileReference; lastKnownFileType = folder.assetcatalog; path = Images.xcassets; sourceTree = "<group>"; };
		C140A7E21A05DFD000537351 /* Base */ = {isa = PBXFileReference; lastKnownFileType = file.xib; name = Base; path = Base.lproj/LaunchScreen.xib; sourceTree = "<group>"; };
		C140A7E81A05DFD000537351 /* TestNuTests.xctest */ = {isa = PBXFileReference; explicitFileType = wrapper.cfbundle; includeInIndex = 0; path = TestNuTests.xctest; sourceTree = BUILT_PRODUCTS_DIR; };
		C140A7ED1A05DFD000537351 /* Info.plist */ = {isa = PBXFileReference; lastKnownFileType = text.plist.xml; path = Info.plist; sourceTree = "<group>"; };
		C140A7EE1A05DFD000537351 /* TestNuTests.m */ = {isa = PBXFileReference; lastKnownFileType = sourcecode.c.objc; path = TestNuTests.m; sourceTree = "<group>"; };
		C140A7FC1A05DFDD00537351 /* ffi.h */ = {isa = PBXFileReference; fileEncoding = 4; lastKnownFileType = sourcecode.c.h; path = ffi.h; sourceTree = "<group>"; };
		C140A7FD1A05DFDD00537351 /* ffi_common.h */ = {isa = PBXFileReference; fileEncoding = 4; lastKnownFileType = sourcecode.c.h; path = ffi_common.h; sourceTree = "<group>"; };
		C140A7FE1A05DFDD00537351 /* fficonfig.h */ = {isa = PBXFileReference; fileEncoding = 4; lastKnownFileType = sourcecode.c.h; path = fficonfig.h; sourceTree = "<group>"; };
		C140A7FF1A05DFDD00537351 /* ffitarget.h */ = {isa = PBXFileReference; fileEncoding = 4; lastKnownFileType = sourcecode.c.h; path = ffitarget.h; sourceTree = "<group>"; };
		C140A8011A05DFDD00537351 /* closures.c */ = {isa = PBXFileReference; fileEncoding = 4; lastKnownFileType = sourcecode.c.c; path = closures.c; sourceTree = "<group>"; };
		C140A8051A05DFDD00537351 /* prep_cif.c */ = {isa = PBXFileReference; fileEncoding = 4; lastKnownFileType = sourcecode.c.c; path = prep_cif.c; sourceTree = "<group>"; };
		C140A8061A05DFDD00537351 /* raw_api.c */ = {isa = PBXFileReference; fileEncoding = 4; lastKnownFileType = sourcecode.c.c; path = raw_api.c; sourceTree = "<group>"; };
		C140A8071A05DFDD00537351 /* types.c */ = {isa = PBXFileReference; fileEncoding = 4; lastKnownFileType = sourcecode.c.c; path = types.c; sourceTree = "<group>"; };
		C140A80A1A05DFDD00537351 /* ffi_arm64.h */ = {isa = PBXFileReference; fileEncoding = 4; lastKnownFileType = sourcecode.c.h; path = ffi_arm64.h; sourceTree = "<group>"; };
		C140A80B1A05DFDD00537351 /* ffi_armv7.h */ = {isa = PBXFileReference; fileEncoding = 4; lastKnownFileType = sourcecode.c.h; path = ffi_armv7.h; sourceTree = "<group>"; };
		C140A80C1A05DFDD00537351 /* ffi_x86_64.h */ = {isa = PBXFileReference; fileEncoding = 4; lastKnownFileType = sourcecode.c.h; path = ffi_x86_64.h; sourceTree = "<group>"; };
		C140A80D1A05DFDD00537351 /* fficonfig_arm64.h */ = {isa = PBXFileReference; fileEncoding = 4; lastKnownFileType = sourcecode.c.h; path = fficonfig_arm64.h; sourceTree = "<group>"; };
		C140A80E1A05DFDD00537351 /* fficonfig_armv7.h */ = {isa = PBXFileReference; fileEncoding = 4; lastKnownFileType = sourcecode.c.h; path = fficonfig_armv7.h; sourceTree = "<group>"; };
		C140A80F1A05DFDD00537351 /* fficonfig_x86_64.h */ = {isa = PBXFileReference; fileEncoding = 4; lastKnownFileType = sourcecode.c.h; path = fficonfig_x86_64.h; sourceTree = "<group>"; };
		C140A8101A05DFDD00537351 /* ffitarget_arm64.h */ = {isa = PBXFileReference; fileEncoding = 4; lastKnownFileType = sourcecode.c.h; path = ffitarget_arm64.h; sourceTree = "<group>"; };
		C140A8111A05DFDD00537351 /* ffitarget_armv7.h */ = {isa = PBXFileReference; fileEncoding = 4; lastKnownFileType = sourcecode.c.h; path = ffitarget_armv7.h; sourceTree = "<group>"; };
		C140A8121A05DFDD00537351 /* ffitarget_x86_64.h */ = {isa = PBXFileReference; fileEncoding = 4; lastKnownFileType = sourcecode.c.h; path = ffitarget_x86_64.h; sourceTree = "<group>"; };
		C140A8151A05DFDD00537351 /* ffi_arm64.c */ = {isa = PBXFileReference; fileEncoding = 4; lastKnownFileType = sourcecode.c.c; path = ffi_arm64.c; sourceTree = "<group>"; };
		C140A8161A05DFDD00537351 /* sysv_arm64.S */ = {isa = PBXFileReference; fileEncoding = 4; lastKnownFileType = sourcecode.asm; path = sysv_arm64.S; sourceTree = "<group>"; };
		C140A8181A05DFDD00537351 /* ffi_armv7.c */ = {isa = PBXFileReference; fileEncoding = 4; lastKnownFileType = sourcecode.c.c; path = ffi_armv7.c; sourceTree = "<group>"; };
		C140A8191A05DFDD00537351 /* sysv_armv7.S */ = {isa = PBXFileReference; fileEncoding = 4; lastKnownFileType = sourcecode.asm; path = sysv_armv7.S; sourceTree = "<group>"; };
		C140A81A1A05DFDD00537351 /* trampoline_armv7.S */ = {isa = PBXFileReference; fileEncoding = 4; lastKnownFileType = sourcecode.asm; path = trampoline_armv7.S; sourceTree = "<group>"; };
		C140A81C1A05DFDD00537351 /* darwin64_x86_64.S */ = {isa = PBXFileReference; fileEncoding = 4; lastKnownFileType = sourcecode.asm; path = darwin64_x86_64.S; sourceTree = "<group>"; };
		C140A81D1A05DFDD00537351 /* darwin_i386.S */ = {isa = PBXFileReference; fileEncoding = 4; lastKnownFileType = sourcecode.asm; path = darwin_i386.S; sourceTree = "<group>"; };
		C140A81E1A05DFDD00537351 /* ffi64_x86_64.c */ = {isa = PBXFileReference; fileEncoding = 4; lastKnownFileType = sourcecode.c.c; path = ffi64_x86_64.c; sourceTree = "<group>"; };
		C140A81F1A05DFDD00537351 /* ffi_i386.c */ = {isa = PBXFileReference; fileEncoding = 4; lastKnownFileType = sourcecode.c.c; path = ffi_i386.c; sourceTree = "<group>"; };
		C140A8201A05DFDD00537351 /* win32_i386.S */ = {isa = PBXFileReference; fileEncoding = 4; lastKnownFileType = sourcecode.asm; path = win32_i386.S; sourceTree = "<group>"; };
		C140A8371A05E02A00537351 /* Nu.h */ = {isa = PBXFileReference; fileEncoding = 4; lastKnownFileType = sourcecode.c.h; path = Nu.h; sourceTree = "<group>"; };
		C140A8381A05E02A00537351 /* Nu.m */ = {isa = PBXFileReference; fileEncoding = 4; lastKnownFileType = sourcecode.c.objc; path = Nu.m; sourceTree = "<group>"; };
		C140A83A1A05E0BB00537351 /* my.nu */ = {isa = PBXFileReference; fileEncoding = 4; lastKnownFileType = text; path = my.nu; sourceTree = "<group>"; };
/* End PBXFileReference section */

/* Begin PBXFrameworksBuildPhase section */
		C140A7CC1A05DFD000537351 /* Frameworks */ = {
			isa = PBXFrameworksBuildPhase;
			buildActionMask = 2147483647;
			files = (
			);
			runOnlyForDeploymentPostprocessing = 0;
		};
		C140A7E51A05DFD000537351 /* Frameworks */ = {
			isa = PBXFrameworksBuildPhase;
			buildActionMask = 2147483647;
			files = (
			);
			runOnlyForDeploymentPostprocessing = 0;
		};
/* End PBXFrameworksBuildPhase section */

/* Begin PBXGroup section */
		C140A7C61A05DFD000537351 = {
			isa = PBXGroup;
			children = (
				C140A7F81A05DFDD00537351 /* nu */,
				C140A7D11A05DFD000537351 /* TestNu */,
				C140A7EB1A05DFD000537351 /* TestNuTests */,
				C140A7D01A05DFD000537351 /* Products */,
			);
			sourceTree = "<group>";
		};
		C140A7D01A05DFD000537351 /* Products */ = {
			isa = PBXGroup;
			children = (
				C140A7CF1A05DFD000537351 /* TestNu.app */,
				C140A7E81A05DFD000537351 /* TestNuTests.xctest */,
			);
			name = Products;
			sourceTree = "<group>";
		};
		C140A7D11A05DFD000537351 /* TestNu */ = {
			isa = PBXGroup;
			children = (
				C140A83A1A05E0BB00537351 /* my.nu */,
				C140A7D61A05DFD000537351 /* AppDelegate.h */,
				C140A7D71A05DFD000537351 /* AppDelegate.m */,
				C140A7D91A05DFD000537351 /* ViewController.h */,
				C140A7DA1A05DFD000537351 /* ViewController.m */,
				C140A7DC1A05DFD000537351 /* Main.storyboard */,
				C140A7DF1A05DFD000537351 /* Images.xcassets */,
				C140A7E11A05DFD000537351 /* LaunchScreen.xib */,
				C140A7D21A05DFD000537351 /* Supporting Files */,
			);
			path = TestNu;
			sourceTree = "<group>";
		};
		C140A7D21A05DFD000537351 /* Supporting Files */ = {
			isa = PBXGroup;
			children = (
				C140A7D31A05DFD000537351 /* Info.plist */,
				C140A7D41A05DFD000537351 /* main.m */,
			);
			name = "Supporting Files";
			sourceTree = "<group>";
		};
		C140A7EB1A05DFD000537351 /* TestNuTests */ = {
			isa = PBXGroup;
			children = (
				C140A7EE1A05DFD000537351 /* TestNuTests.m */,
				C140A7EC1A05DFD000537351 /* Supporting Files */,
			);
			path = TestNuTests;
			sourceTree = "<group>";
		};
		C140A7EC1A05DFD000537351 /* Supporting Files */ = {
			isa = PBXGroup;
			children = (
				C140A7ED1A05DFD000537351 /* Info.plist */,
			);
			name = "Supporting Files";
			sourceTree = "<group>";
		};
		C140A7F81A05DFDD00537351 /* nu */ = {
			isa = PBXGroup;
			children = (
				C140A8361A05E02A00537351 /* objc */,
				C140A7F91A05DFDD00537351 /* libffi */,
			);
			path = nu;
			sourceTree = "<group>";
		};
		C140A7F91A05DFDD00537351 /* libffi */ = {
			isa = PBXGroup;
			children = (
				C140A7FA1A05DFDD00537351 /* darwin_common */,
				C140A8081A05DFDD00537351 /* darwin_ios */,
			);
			path = libffi;
			sourceTree = "<group>";
		};
		C140A7FA1A05DFDD00537351 /* darwin_common */ = {
			isa = PBXGroup;
			children = (
				C140A7FB1A05DFDD00537351 /* include */,
				C140A8001A05DFDD00537351 /* src */,
			);
			path = darwin_common;
			sourceTree = "<group>";
		};
		C140A7FB1A05DFDD00537351 /* include */ = {
			isa = PBXGroup;
			children = (
				C140A7FC1A05DFDD00537351 /* ffi.h */,
				C140A7FD1A05DFDD00537351 /* ffi_common.h */,
				C140A7FE1A05DFDD00537351 /* fficonfig.h */,
				C140A7FF1A05DFDD00537351 /* ffitarget.h */,
			);
			path = include;
			sourceTree = "<group>";
		};
		C140A8001A05DFDD00537351 /* src */ = {
			isa = PBXGroup;
			children = (
				C140A8011A05DFDD00537351 /* closures.c */,
				C140A8051A05DFDD00537351 /* prep_cif.c */,
				C140A8061A05DFDD00537351 /* raw_api.c */,
				C140A8071A05DFDD00537351 /* types.c */,
			);
			path = src;
			sourceTree = "<group>";
		};
		C140A8081A05DFDD00537351 /* darwin_ios */ = {
			isa = PBXGroup;
			children = (
				C140A8091A05DFDD00537351 /* include */,
				C140A8131A05DFDD00537351 /* src */,
			);
			path = darwin_ios;
			sourceTree = "<group>";
		};
		C140A8091A05DFDD00537351 /* include */ = {
			isa = PBXGroup;
			children = (
				C140A80A1A05DFDD00537351 /* ffi_arm64.h */,
				C140A80B1A05DFDD00537351 /* ffi_armv7.h */,
				C140A80C1A05DFDD00537351 /* ffi_x86_64.h */,
				C140A80D1A05DFDD00537351 /* fficonfig_arm64.h */,
				C140A80E1A05DFDD00537351 /* fficonfig_armv7.h */,
				C140A80F1A05DFDD00537351 /* fficonfig_x86_64.h */,
				C140A8101A05DFDD00537351 /* ffitarget_arm64.h */,
				C140A8111A05DFDD00537351 /* ffitarget_armv7.h */,
				C140A8121A05DFDD00537351 /* ffitarget_x86_64.h */,
			);
			path = include;
			sourceTree = "<group>";
		};
		C140A8131A05DFDD00537351 /* src */ = {
			isa = PBXGroup;
			children = (
				C140A8141A05DFDD00537351 /* aarch64 */,
				C140A8171A05DFDD00537351 /* arm */,
				C140A81B1A05DFDD00537351 /* x86 */,
			);
			path = src;
			sourceTree = "<group>";
		};
		C140A8141A05DFDD00537351 /* aarch64 */ = {
			isa = PBXGroup;
			children = (
				C140A8151A05DFDD00537351 /* ffi_arm64.c */,
				C140A8161A05DFDD00537351 /* sysv_arm64.S */,
			);
			path = aarch64;
			sourceTree = "<group>";
		};
		C140A8171A05DFDD00537351 /* arm */ = {
			isa = PBXGroup;
			children = (
				C140A8181A05DFDD00537351 /* ffi_armv7.c */,
				C140A8191A05DFDD00537351 /* sysv_armv7.S */,
				C140A81A1A05DFDD00537351 /* trampoline_armv7.S */,
			);
			path = arm;
			sourceTree = "<group>";
		};
		C140A81B1A05DFDD00537351 /* x86 */ = {
			isa = PBXGroup;
			children = (
				C140A81C1A05DFDD00537351 /* darwin64_x86_64.S */,
				C140A81D1A05DFDD00537351 /* darwin_i386.S */,
				C140A81E1A05DFDD00537351 /* ffi64_x86_64.c */,
				C140A81F1A05DFDD00537351 /* ffi_i386.c */,
				C140A8201A05DFDD00537351 /* win32_i386.S */,
			);
			path = x86;
			sourceTree = "<group>";
		};
		C140A8361A05E02A00537351 /* objc */ = {
			isa = PBXGroup;
			children = (
				C140A8371A05E02A00537351 /* Nu.h */,
				C140A8381A05E02A00537351 /* Nu.m */,
			);
			path = objc;
			sourceTree = "<group>";
		};
/* End PBXGroup section */

/* Begin PBXNativeTarget section */
		C140A7CE1A05DFD000537351 /* TestNu */ = {
			isa = PBXNativeTarget;
			buildConfigurationList = C140A7F21A05DFD000537351 /* Build configuration list for PBXNativeTarget "TestNu" */;
			buildPhases = (
				C140A7CB1A05DFD000537351 /* Sources */,
				C140A7CC1A05DFD000537351 /* Frameworks */,
				C140A7CD1A05DFD000537351 /* Resources */,
			);
			buildRules = (
			);
			dependencies = (
			);
			name = TestNu;
			productName = TestNu;
			productReference = C140A7CF1A05DFD000537351 /* TestNu.app */;
			productType = "com.apple.product-type.application";
		};
		C140A7E71A05DFD000537351 /* TestNuTests */ = {
			isa = PBXNativeTarget;
			buildConfigurationList = C140A7F51A05DFD000537351 /* Build configuration list for PBXNativeTarget "TestNuTests" */;
			buildPhases = (
				C140A7E41A05DFD000537351 /* Sources */,
				C140A7E51A05DFD000537351 /* Frameworks */,
				C140A7E61A05DFD000537351 /* Resources */,
			);
			buildRules = (
			);
			dependencies = (
				C140A7EA1A05DFD000537351 /* PBXTargetDependency */,
			);
			name = TestNuTests;
			productName = TestNuTests;
			productReference = C140A7E81A05DFD000537351 /* TestNuTests.xctest */;
			productType = "com.apple.product-type.bundle.unit-test";
		};
/* End PBXNativeTarget section */

/* Begin PBXProject section */
		C140A7C71A05DFD000537351 /* Project object */ = {
			isa = PBXProject;
			attributes = {
				LastUpgradeCheck = 0610;
				ORGANIZATIONNAME = Maxwin;
				TargetAttributes = {
					C140A7CE1A05DFD000537351 = {
						CreatedOnToolsVersion = 6.1;
					};
					C140A7E71A05DFD000537351 = {
						CreatedOnToolsVersion = 6.1;
						TestTargetID = C140A7CE1A05DFD000537351;
					};
				};
			};
			buildConfigurationList = C140A7CA1A05DFD000537351 /* Build configuration list for PBXProject "TestNu" */;
			compatibilityVersion = "Xcode 3.2";
			developmentRegion = English;
			hasScannedForEncodings = 0;
			knownRegions = (
				en,
				Base,
			);
			mainGroup = C140A7C61A05DFD000537351;
			productRefGroup = C140A7D01A05DFD000537351 /* Products */;
			projectDirPath = "";
			projectRoot = "";
			targets = (
				C140A7CE1A05DFD000537351 /* TestNu */,
				C140A7E71A05DFD000537351 /* TestNuTests */,
			);
		};
/* End PBXProject section */

/* Begin PBXResourcesBuildPhase section */
		C140A7CD1A05DFD000537351 /* Resources */ = {
			isa = PBXResourcesBuildPhase;
			buildActionMask = 2147483647;
			files = (
				C140A83B1A05E0BB00537351 /* my.nu in Resources */,
				C140A7DE1A05DFD000537351 /* Main.storyboard in Resources */,
				C140A7E31A05DFD000537351 /* LaunchScreen.xib in Resources */,
				C140A7E01A05DFD000537351 /* Images.xcassets in Resources */,
			);
			runOnlyForDeploymentPostprocessing = 0;
		};
		C140A7E61A05DFD000537351 /* Resources */ = {
			isa = PBXResourcesBuildPhase;
			buildActionMask = 2147483647;
			files = (
			);
			runOnlyForDeploymentPostprocessing = 0;
		};
/* End PBXResourcesBuildPhase section */

/* Begin PBXSourcesBuildPhase section */
		C140A7CB1A05DFD000537351 /* Sources */ = {
			isa = PBXSourcesBuildPhase;
			buildActionMask = 2147483647;
			files = (
				C140A8391A05E02A00537351 /* Nu.m in Sources */,
				C140A8321A05DFDD00537351 /* ffi64_x86_64.c in Sources */,
				C140A8341A05DFDD00537351 /* win32_i386.S in Sources */,
				C140A8311A05DFDD00537351 /* darwin_i386.S in Sources */,
				C140A7DB1A05DFD000537351 /* ViewController.m in Sources */,
				C140A8291A05DFDD00537351 /* raw_api.c in Sources */,
				C140A82B1A05DFDD00537351 /* ffi_arm64.c in Sources */,
				C140A8331A05DFDD00537351 /* ffi_i386.c in Sources */,
				C140A82A1A05DFDD00537351 /* types.c in Sources */,
				C140A8281A05DFDD00537351 /* prep_cif.c in Sources */,
				C140A7D81A05DFD000537351 /* AppDelegate.m in Sources */,
				C140A82E1A05DFDD00537351 /* sysv_armv7.S in Sources */,
				C140A7D51A05DFD000537351 /* main.m in Sources */,
				C140A82D1A05DFDD00537351 /* ffi_armv7.c in Sources */,
				C140A8241A05DFDD00537351 /* closures.c in Sources */,
				C140A82C1A05DFDD00537351 /* sysv_arm64.S in Sources */,
				C140A82F1A05DFDD00537351 /* trampoline_armv7.S in Sources */,
				C140A8301A05DFDD00537351 /* darwin64_x86_64.S in Sources */,
			);
			runOnlyForDeploymentPostprocessing = 0;
		};
		C140A7E41A05DFD000537351 /* Sources */ = {
			isa = PBXSourcesBuildPhase;
			buildActionMask = 2147483647;
			files = (
				C140A7EF1A05DFD000537351 /* TestNuTests.m in Sources */,
			);
			runOnlyForDeploymentPostprocessing = 0;
		};
/* End PBXSourcesBuildPhase section */

/* Begin PBXTargetDependency section */
		C140A7EA1A05DFD000537351 /* PBXTargetDependency */ = {
			isa = PBXTargetDependency;
			target = C140A7CE1A05DFD000537351 /* TestNu */;
			targetProxy = C140A7E91A05DFD000537351 /* PBXContainerItemProxy */;
		};
/* End PBXTargetDependency section */

/* Begin PBXVariantGroup section */
		C140A7DC1A05DFD000537351 /* Main.storyboard */ = {
			isa = PBXVariantGroup;
			children = (
				C140A7DD1A05DFD000537351 /* Base */,
			);
			name = Main.storyboard;
			sourceTree = "<group>";
		};
		C140A7E11A05DFD000537351 /* LaunchScreen.xib */ = {
			isa = PBXVariantGroup;
			children = (
				C140A7E21A05DFD000537351 /* Base */,
			);
			name = LaunchScreen.xib;
			sourceTree = "<group>";
		};
/* End PBXVariantGroup section */

/* Begin XCBuildConfiguration section */
		C140A7F01A05DFD000537351 /* Debug */ = {
			isa = XCBuildConfiguration;
			buildSettings = {
				ALWAYS_SEARCH_USER_PATHS = NO;
				CLANG_CXX_LANGUAGE_STANDARD = "gnu++0x";
				CLANG_CXX_LIBRARY = "libc++";
				CLANG_ENABLE_MODULES = YES;
				CLANG_ENABLE_OBJC_ARC = YES;
				CLANG_WARN_BOOL_CONVERSION = YES;
				CLANG_WARN_CONSTANT_CONVERSION = YES;
				CLANG_WARN_DIRECT_OBJC_ISA_USAGE = YES_ERROR;
				CLANG_WARN_EMPTY_BODY = YES;
				CLANG_WARN_ENUM_CONVERSION = YES;
				CLANG_WARN_INT_CONVERSION = YES;
				CLANG_WARN_OBJC_ROOT_CLASS = YES_ERROR;
				CLANG_WARN_UNREACHABLE_CODE = YES;
				CLANG_WARN__DUPLICATE_METHOD_MATCH = YES;
				"CODE_SIGN_IDENTITY[sdk=iphoneos*]" = "iPhone Developer";
				COPY_PHASE_STRIP = NO;
				ENABLE_STRICT_OBJC_MSGSEND = YES;
				GCC_C_LANGUAGE_STANDARD = gnu99;
				GCC_DYNAMIC_NO_PIC = NO;
				GCC_OPTIMIZATION_LEVEL = 0;
				GCC_PREPROCESSOR_DEFINITIONS = (
					"DEBUG=1",
					"$(inherited)",
				);
				GCC_SYMBOLS_PRIVATE_EXTERN = NO;
				GCC_WARN_64_TO_32_BIT_CONVERSION = YES;
				GCC_WARN_ABOUT_RETURN_TYPE = YES_ERROR;
				GCC_WARN_UNDECLARED_SELECTOR = YES;
				GCC_WARN_UNINITIALIZED_AUTOS = YES_AGGRESSIVE;
				GCC_WARN_UNUSED_FUNCTION = YES;
				GCC_WARN_UNUSED_VARIABLE = YES;
				HEADER_SEARCH_PATHS = (
					"$(inherited)",
					/Applications/Xcode.app/Contents/Developer/Toolchains/XcodeDefault.xctoolchain/usr/include,
					"$(SRCROOT)/nu/libffi/**",
				);
				IPHONEOS_DEPLOYMENT_TARGET = 8.1;
				MTL_ENABLE_DEBUG_INFO = YES;
				ONLY_ACTIVE_ARCH = YES;
				SDKROOT = iphoneos;
				TARGETED_DEVICE_FAMILY = "1,2";
			};
			name = Debug;
		};
		C140A7F11A05DFD000537351 /* Release */ = {
			isa = XCBuildConfiguration;
			buildSettings = {
				ALWAYS_SEARCH_USER_PATHS = NO;
				CLANG_CXX_LANGUAGE_STANDARD = "gnu++0x";
				CLANG_CXX_LIBRARY = "libc++";
				CLANG_ENABLE_MODULES = YES;
				CLANG_ENABLE_OBJC_ARC = YES;
				CLANG_WARN_BOOL_CONVERSION = YES;
				CLANG_WARN_CONSTANT_CONVERSION = YES;
				CLANG_WARN_DIRECT_OBJC_ISA_USAGE = YES_ERROR;
				CLANG_WARN_EMPTY_BODY = YES;
				CLANG_WARN_ENUM_CONVERSION = YES;
				CLANG_WARN_INT_CONVERSION = YES;
				CLANG_WARN_OBJC_ROOT_CLASS = YES_ERROR;
				CLANG_WARN_UNREACHABLE_CODE = YES;
				CLANG_WARN__DUPLICATE_METHOD_MATCH = YES;
				"CODE_SIGN_IDENTITY[sdk=iphoneos*]" = "iPhone Developer";
				COPY_PHASE_STRIP = YES;
				ENABLE_NS_ASSERTIONS = NO;
				ENABLE_STRICT_OBJC_MSGSEND = YES;
				GCC_C_LANGUAGE_STANDARD = gnu99;
				GCC_WARN_64_TO_32_BIT_CONVERSION = YES;
				GCC_WARN_ABOUT_RETURN_TYPE = YES_ERROR;
				GCC_WARN_UNDECLARED_SELECTOR = YES;
				GCC_WARN_UNINITIALIZED_AUTOS = YES_AGGRESSIVE;
				GCC_WARN_UNUSED_FUNCTION = YES;
				GCC_WARN_UNUSED_VARIABLE = YES;
				HEADER_SEARCH_PATHS = (
					"$(inherited)",
					/Applications/Xcode.app/Contents/Developer/Toolchains/XcodeDefault.xctoolchain/usr/include,
					"$(SRCROOT)/nu/libffi/**",
				);
				IPHONEOS_DEPLOYMENT_TARGET = 8.1;
				MTL_ENABLE_DEBUG_INFO = NO;
				SDKROOT = iphoneos;
				TARGETED_DEVICE_FAMILY = "1,2";
				VALIDATE_PRODUCT = YES;
			};
			name = Release;
		};
		C140A7F31A05DFD000537351 /* Debug */ = {
			isa = XCBuildConfiguration;
			buildSettings = {
				ASSETCATALOG_COMPILER_APPICON_NAME = AppIcon;
				INFOPLIST_FILE = TestNu/Info.plist;
				LD_RUNPATH_SEARCH_PATHS = "$(inherited) @executable_path/Frameworks";
				PRODUCT_NAME = "$(TARGET_NAME)";
			};
			name = Debug;
		};
		C140A7F41A05DFD000537351 /* Release */ = {
			isa = XCBuildConfiguration;
			buildSettings = {
				ASSETCATALOG_COMPILER_APPICON_NAME = AppIcon;
				INFOPLIST_FILE = TestNu/Info.plist;
				LD_RUNPATH_SEARCH_PATHS = "$(inherited) @executable_path/Frameworks";
				PRODUCT_NAME = "$(TARGET_NAME)";
			};
			name = Release;
		};
		C140A7F61A05DFD000537351 /* Debug */ = {
			isa = XCBuildConfiguration;
			buildSettings = {
				BUNDLE_LOADER = "$(TEST_HOST)";
				FRAMEWORK_SEARCH_PATHS = (
					"$(SDKROOT)/Developer/Library/Frameworks",
					"$(inherited)",
				);
				GCC_PREPROCESSOR_DEFINITIONS = (
					"DEBUG=1",
					"$(inherited)",
				);
				INFOPLIST_FILE = TestNuTests/Info.plist;
				LD_RUNPATH_SEARCH_PATHS = "$(inherited) @executable_path/Frameworks @loader_path/Frameworks";
				PRODUCT_NAME = "$(TARGET_NAME)";
				TEST_HOST = "$(BUILT_PRODUCTS_DIR)/TestNu.app/TestNu";
			};
			name = Debug;
		};
		C140A7F71A05DFD000537351 /* Release */ = {
			isa = XCBuildConfiguration;
			buildSettings = {
				BUNDLE_LOADER = "$(TEST_HOST)";
				FRAMEWORK_SEARCH_PATHS = (
					"$(SDKROOT)/Developer/Library/Frameworks",
					"$(inherited)",
				);
				INFOPLIST_FILE = TestNuTests/Info.plist;
				LD_RUNPATH_SEARCH_PATHS = "$(inherited) @executable_path/Frameworks @loader_path/Frameworks";
				PRODUCT_NAME = "$(TARGET_NAME)";
				TEST_HOST = "$(BUILT_PRODUCTS_DIR)/TestNu.app/TestNu";
			};
			name = Release;
		};
/* End XCBuildConfiguration section */

/* Begin XCConfigurationList section */
		C140A7CA1A05DFD000537351 /* Build configuration list for PBXProject "TestNu" */ = {
			isa = XCConfigurationList;
			buildConfigurations = (
				C140A7F01A05DFD000537351 /* Debug */,
				C140A7F11A05DFD000537351 /* Release */,
			);
			defaultConfigurationIsVisible = 0;
			defaultConfigurationName = Release;
		};
		C140A7F21A05DFD000537351 /* Build configuration list for PBXNativeTarget "TestNu" */ = {
			isa = XCConfigurationList;
			buildConfigurations = (
				C140A7F31A05DFD000537351 /* Debug */,
				C140A7F41A05DFD000537351 /* Release */,
			);
			defaultConfigurationIsVisible = 0;
		};
		C140A7F51A05DFD000537351 /* Build configuration list for PBXNativeTarget "TestNuTests" */ = {
			isa = XCConfigurationList;
			buildConfigurations = (
				C140A7F61A05DFD000537351 /* Debug */,
				C140A7F71A05DFD000537351 /* Release */,
			);
			defaultConfigurationIsVisible = 0;
		};
/* End XCConfigurationList section */
	};
	rootObject = C140A7C71A05DFD000537351 /* Project object */;
}
